
Microsoft Visual Studio Solution File, Format Version 12.00
# Visual Studio Version 17
VisualStudioVersion = 17.8.34408.163
MinimumVisualStudioVersion = 10.0.40219.1
Project("{FAE04EC0-301F-11D3-BF4B-00C04F79EFBC}") = "Problem1", "Problem1\Problem1.csproj", "{BC3E4C3A-3F2B-44A0-BAC4-426F0004B80E}"
EndProject
Global
	GlobalSection(SolutionConfigurationPlatforms) = preSolution
		Debug|Any CPU = Debug|Any CPU
		Release|Any CPU = Release|Any CPU
	EndGlobalSection
	GlobalSection(ProjectConfigurationPlatforms) = postSolution
		{BC3E4C3A-3F2B-44A0-BAC4-426F0004B80E}.Debug|Any CPU.ActiveCfg = Debug|Any CPU
		{BC3E4C3A-3F2B-44A0-BAC4-426F0004B80E}.Debug|Any CPU.Build.0 = Debug|Any CPU
		{BC3E4C3A-3F2B-44A0-BAC4-426F0004B80E}.Release|Any CPU.ActiveCfg = Release|Any CPU
		{BC3E4C3A-3F2B-44A0-BAC4-426F0004B80E}.Release|Any CPU.Build.0 = Release|Any CPU
	EndGlobalSection
	GlobalSection(SolutionProperties) = preSolution
		HideSolutionNode = FALSE
	EndGlobalSection
	GlobalSection(ExtensibilityGlobals) = postSolution
		SolutionGuid = {268C871C-FA15-460D-B29D-11B9E9F1F2D9}
	EndGlobalSection
EndGlobal
